
Microsoft Visual Studio Solution File, Format Version 12.00
# Visual Studio Version 17
VisualStudioVersion = 17.13.35825.156 d17.13
MinimumVisualStudioVersion = 10.0.40219.1
Project("{FAE04EC0-301F-11D3-BF4B-00C04F79EFBC}") = "OnlineStoreManagement", "OnlineStoreManagement\OnlineStoreManagement.csproj", "{DBB422B3-DEF6-4BAE-A85B-27689D0EE7CA}"
EndProject
Global
	GlobalSection(SolutionConfigurationPlatforms) = preSolution
		Debug|Any CPU = Debug|Any CPU
		Release|Any CPU = Release|Any CPU
	EndGlobalSection
	GlobalSection(ProjectConfigurationPlatforms) = postSolution
		{DBB422B3-DEF6-4BAE-A85B-27689D0EE7CA}.Debug|Any CPU.ActiveCfg = Debug|Any CPU
		{DBB422B3-DEF6-4BAE-A85B-27689D0EE7CA}.Debug|Any CPU.Build.0 = Debug|Any CPU
		{DBB422B3-DEF6-4BAE-A85B-27689D0EE7CA}.Release|Any CPU.ActiveCfg = Release|Any CPU
		{DBB422B3-DEF6-4BAE-A85B-27689D0EE7CA}.Release|Any CPU.Build.0 = Release|Any CPU
	EndGlobalSection
	GlobalSection(SolutionProperties) = preSolution
		HideSolutionNode = FALSE
	EndGlobalSection
	GlobalSection(ExtensibilityGlobals) = postSolution
		SolutionGuid = {7EE7A8DB-6673-4C52-8109-DE0372D74E0E}
	EndGlobalSection
EndGlobal
